// !$*UTF8*$!
{
	archiveVersion = 1;
	classes = {
	};
	objectVersion = 55;
	objects = {

/* Begin PBXBuildFile section */
		3F0F335D28923BE600A1C514 /* AppDelegate.swift in Sources */ = {isa = PBXBuildFile; fileRef = 3F0F335C28923BE600A1C514 /* AppDelegate.swift */; };
		3F0F335F28923BE600A1C514 /* SceneDelegate.swift in Sources */ = {isa = PBXBuildFile; fileRef = 3F0F335E28923BE600A1C514 /* SceneDelegate.swift */; };
		3F0F336128923BE600A1C514 /* HomeViewController.swift in Sources */ = {isa = PBXBuildFile; fileRef = 3F0F336028923BE600A1C514 /* HomeViewController.swift */; };
		3F0F336628923BE700A1C514 /* Assets.xcassets in Resources */ = {isa = PBXBuildFile; fileRef = 3F0F336528923BE700A1C514 /* Assets.xcassets */; };
		3F0F336928923BE700A1C514 /* LaunchScreen.storyboard in Resources */ = {isa = PBXBuildFile; fileRef = 3F0F336728923BE700A1C514 /* LaunchScreen.storyboard */; };
		3F914843289268CE0050A02F /* Application.swift in Sources */ = {isa = PBXBuildFile; fileRef = 3F914842289268CE0050A02F /* Application.swift */; };
		3F91484928926B740050A02F /* LikeViewController.swift in Sources */ = {isa = PBXBuildFile; fileRef = 3F91484828926B740050A02F /* LikeViewController.swift */; };
		3F91484B28926BAF0050A02F /* HomeViewModel.swift in Sources */ = {isa = PBXBuildFile; fileRef = 3F91484A28926BAF0050A02F /* HomeViewModel.swift */; };
		3F91484D28926BCB0050A02F /* LikeViewModel.swift in Sources */ = {isa = PBXBuildFile; fileRef = 3F91484C28926BCB0050A02F /* LikeViewModel.swift */; };
		3F91485028926BE70050A02F /* ViewModelType.swift in Sources */ = {isa = PBXBuildFile; fileRef = 3F91484F28926BE70050A02F /* ViewModelType.swift */; };
		3F91485228926CFC0050A02F /* HomeNavigator.swift in Sources */ = {isa = PBXBuildFile; fileRef = 3F91485128926CFC0050A02F /* HomeNavigator.swift */; };
		3F91485428926D170050A02F /* LikeNavigator.swift in Sources */ = {isa = PBXBuildFile; fileRef = 3F91485328926D170050A02F /* LikeNavigator.swift */; };
		3F91485628926D6E0050A02F /* DefaultHomeNavigator.swift in Sources */ = {isa = PBXBuildFile; fileRef = 3F91485528926D6E0050A02F /* DefaultHomeNavigator.swift */; };
		3F91485828926D930050A02F /* DefaultLikeNavigator.swift in Sources */ = {isa = PBXBuildFile; fileRef = 3F91485728926D930050A02F /* DefaultLikeNavigator.swift */; };
		3F91485C28926E9A0050A02F /* GoodsUsecase.swift in Sources */ = {isa = PBXBuildFile; fileRef = 3F91485B28926E9A0050A02F /* GoodsUsecase.swift */; };
		3F91485F28926EDE0050A02F /* Goods.swift in Sources */ = {isa = PBXBuildFile; fileRef = 3F91485E28926EDE0050A02F /* Goods.swift */; };
/* End PBXBuildFile section */

/* Begin PBXFileReference section */
		3F0F335928923BE600A1C514 /* CommerceApp.app */ = {isa = PBXFileReference; explicitFileType = wrapper.application; includeInIndex = 0; path = CommerceApp.app; sourceTree = BUILT_PRODUCTS_DIR; };
		3F0F335C28923BE600A1C514 /* AppDelegate.swift */ = {isa = PBXFileReference; lastKnownFileType = sourcecode.swift; path = AppDelegate.swift; sourceTree = "<group>"; };
		3F0F335E28923BE600A1C514 /* SceneDelegate.swift */ = {isa = PBXFileReference; lastKnownFileType = sourcecode.swift; path = SceneDelegate.swift; sourceTree = "<group>"; };
		3F0F336028923BE600A1C514 /* HomeViewController.swift */ = {isa = PBXFileReference; lastKnownFileType = sourcecode.swift; path = HomeViewController.swift; sourceTree = "<group>"; };
		3F0F336528923BE700A1C514 /* Assets.xcassets */ = {isa = PBXFileReference; lastKnownFileType = folder.assetcatalog; path = Assets.xcassets; sourceTree = "<group>"; };
		3F0F336828923BE700A1C514 /* Base */ = {isa = PBXFileReference; lastKnownFileType = file.storyboard; name = Base; path = Base.lproj/LaunchScreen.storyboard; sourceTree = "<group>"; };
		3F0F336A28923BE700A1C514 /* Info.plist */ = {isa = PBXFileReference; lastKnownFileType = text.plist.xml; path = Info.plist; sourceTree = "<group>"; };
		3F914842289268CE0050A02F /* Application.swift */ = {isa = PBXFileReference; lastKnownFileType = sourcecode.swift; path = Application.swift; sourceTree = "<group>"; };
		3F91484828926B740050A02F /* LikeViewController.swift */ = {isa = PBXFileReference; lastKnownFileType = sourcecode.swift; path = LikeViewController.swift; sourceTree = "<group>"; };
		3F91484A28926BAF0050A02F /* HomeViewModel.swift */ = {isa = PBXFileReference; lastKnownFileType = sourcecode.swift; path = HomeViewModel.swift; sourceTree = "<group>"; };
		3F91484C28926BCB0050A02F /* LikeViewModel.swift */ = {isa = PBXFileReference; lastKnownFileType = sourcecode.swift; path = LikeViewModel.swift; sourceTree = "<group>"; };
		3F91484F28926BE70050A02F /* ViewModelType.swift */ = {isa = PBXFileReference; lastKnownFileType = sourcecode.swift; path = ViewModelType.swift; sourceTree = "<group>"; };
		3F91485128926CFC0050A02F /* HomeNavigator.swift */ = {isa = PBXFileReference; lastKnownFileType = sourcecode.swift; path = HomeNavigator.swift; sourceTree = "<group>"; };
		3F91485328926D170050A02F /* LikeNavigator.swift */ = {isa = PBXFileReference; lastKnownFileType = sourcecode.swift; path = LikeNavigator.swift; sourceTree = "<group>"; };
		3F91485528926D6E0050A02F /* DefaultHomeNavigator.swift */ = {isa = PBXFileReference; lastKnownFileType = sourcecode.swift; path = DefaultHomeNavigator.swift; sourceTree = "<group>"; };
		3F91485728926D930050A02F /* DefaultLikeNavigator.swift */ = {isa = PBXFileReference; lastKnownFileType = sourcecode.swift; path = DefaultLikeNavigator.swift; sourceTree = "<group>"; };
		3F91485B28926E9A0050A02F /* GoodsUsecase.swift */ = {isa = PBXFileReference; lastKnownFileType = sourcecode.swift; path = GoodsUsecase.swift; sourceTree = "<group>"; };
		3F91485E28926EDE0050A02F /* Goods.swift */ = {isa = PBXFileReference; lastKnownFileType = sourcecode.swift; path = Goods.swift; sourceTree = "<group>"; };
/* End PBXFileReference section */

/* Begin PBXFrameworksBuildPhase section */
		3F0F335628923BE600A1C514 /* Frameworks */ = {
			isa = PBXFrameworksBuildPhase;
			buildActionMask = 2147483647;
			files = (
			);
			runOnlyForDeploymentPostprocessing = 0;
		};
/* End PBXFrameworksBuildPhase section */

/* Begin PBXGroup section */
		3F0F335028923BE500A1C514 = {
			isa = PBXGroup;
			children = (
				3F0F335B28923BE600A1C514 /* CommerceApp */,
				3F0F335A28923BE600A1C514 /* Products */,
			);
			sourceTree = "<group>";
		};
		3F0F335A28923BE600A1C514 /* Products */ = {
			isa = PBXGroup;
			children = (
				3F0F335928923BE600A1C514 /* CommerceApp.app */,
			);
			name = Products;
			sourceTree = "<group>";
		};
		3F0F335B28923BE600A1C514 /* CommerceApp */ = {
			isa = PBXGroup;
			children = (
				3F0F3370289265EF00A1C514 /* Application */,
				3F91485928926E050050A02F /* Domain */,
				3F0F33732892666A00A1C514 /* Presentation */,
				3F0F33752892668500A1C514 /* Resources */,
			);
			path = CommerceApp;
			sourceTree = "<group>";
		};
		3F0F3370289265EF00A1C514 /* Application */ = {
			isa = PBXGroup;
			children = (
				3F0F335C28923BE600A1C514 /* AppDelegate.swift */,
				3F914842289268CE0050A02F /* Application.swift */,
				3F0F335E28923BE600A1C514 /* SceneDelegate.swift */,
			);
			path = Application;
			sourceTree = "<group>";
		};
		3F0F33732892666A00A1C514 /* Presentation */ = {
			isa = PBXGroup;
			children = (
				3F91484E28926BDE0050A02F /* Common */,
				3F91484528926AA00050A02F /* Scenes */,
			);
			path = Presentation;
			sourceTree = "<group>";
		};
		3F0F33752892668500A1C514 /* Resources */ = {
			isa = PBXGroup;
			children = (
				3F0F336528923BE700A1C514 /* Assets.xcassets */,
				3F0F336A28923BE700A1C514 /* Info.plist */,
				3F0F336728923BE700A1C514 /* LaunchScreen.storyboard */,
			);
			path = Resources;
			sourceTree = "<group>";
		};
		3F91484528926AA00050A02F /* Scenes */ = {
			isa = PBXGroup;
			children = (
				3F91484628926AA70050A02F /* Home */,
				3F91484728926AAC0050A02F /* Like */,
			);
			path = Scenes;
			sourceTree = "<group>";
		};
		3F91484628926AA70050A02F /* Home */ = {
			isa = PBXGroup;
			children = (
				3F91485528926D6E0050A02F /* DefaultHomeNavigator.swift */,
				3F91485128926CFC0050A02F /* HomeNavigator.swift */,
				3F0F336028923BE600A1C514 /* HomeViewController.swift */,
				3F91484A28926BAF0050A02F /* HomeViewModel.swift */,
			);
			path = Home;
			sourceTree = "<group>";
		};
		3F91484728926AAC0050A02F /* Like */ = {
			isa = PBXGroup;
			children = (
				3F91485728926D930050A02F /* DefaultLikeNavigator.swift */,
				3F91485328926D170050A02F /* LikeNavigator.swift */,
				3F91484828926B740050A02F /* LikeViewController.swift */,
				3F91484C28926BCB0050A02F /* LikeViewModel.swift */,
			);
			path = Like;
			sourceTree = "<group>";
		};
		3F91484E28926BDE0050A02F /* Common */ = {
			isa = PBXGroup;
			children = (
				3F91484F28926BE70050A02F /* ViewModelType.swift */,
			);
			path = Common;
			sourceTree = "<group>";
		};
		3F91485928926E050050A02F /* Domain */ = {
			isa = PBXGroup;
			children = (
				3F91485D28926ED50050A02F /* Entities */,
				3F91485A28926E880050A02F /* Usecases */,
			);
			path = Domain;
			sourceTree = "<group>";
		};
		3F91485A28926E880050A02F /* Usecases */ = {
			isa = PBXGroup;
			children = (
				3F91485B28926E9A0050A02F /* GoodsUsecase.swift */,
			);
			path = Usecases;
			sourceTree = "<group>";
		};
		3F91485D28926ED50050A02F /* Entities */ = {
			isa = PBXGroup;
			children = (
				3F91485E28926EDE0050A02F /* Goods.swift */,
			);
			path = Entities;
			sourceTree = "<group>";
		};
/* End PBXGroup section */

/* Begin PBXNativeTarget section */
		3F0F335828923BE600A1C514 /* CommerceApp */ = {
			isa = PBXNativeTarget;
			buildConfigurationList = 3F0F336D28923BE700A1C514 /* Build configuration list for PBXNativeTarget "CommerceApp" */;
			buildPhases = (
				3F0F335528923BE600A1C514 /* Sources */,
				3F0F335628923BE600A1C514 /* Frameworks */,
				3F0F335728923BE600A1C514 /* Resources */,
			);
			buildRules = (
			);
			dependencies = (
			);
			name = CommerceApp;
			productName = CommerceApp;
			productReference = 3F0F335928923BE600A1C514 /* CommerceApp.app */;
			productType = "com.apple.product-type.application";
		};
/* End PBXNativeTarget section */

/* Begin PBXProject section */
		3F0F335128923BE500A1C514 /* Project object */ = {
			isa = PBXProject;
			attributes = {
				BuildIndependentTargetsInParallel = 1;
				LastSwiftUpdateCheck = 1330;
				LastUpgradeCheck = 1330;
				TargetAttributes = {
					3F0F335828923BE600A1C514 = {
						CreatedOnToolsVersion = 13.3;
					};
				};
			};
			buildConfigurationList = 3F0F335428923BE500A1C514 /* Build configuration list for PBXProject "CommerceApp" */;
			compatibilityVersion = "Xcode 13.0";
			developmentRegion = en;
			hasScannedForEncodings = 0;
			knownRegions = (
				en,
				Base,
			);
			mainGroup = 3F0F335028923BE500A1C514;
			productRefGroup = 3F0F335A28923BE600A1C514 /* Products */;
			projectDirPath = "";
			projectRoot = "";
			targets = (
				3F0F335828923BE600A1C514 /* CommerceApp */,
			);
		};
/* End PBXProject section */

/* Begin PBXResourcesBuildPhase section */
		3F0F335728923BE600A1C514 /* Resources */ = {
			isa = PBXResourcesBuildPhase;
			buildActionMask = 2147483647;
			files = (
				3F0F336928923BE700A1C514 /* LaunchScreen.storyboard in Resources */,
				3F0F336628923BE700A1C514 /* Assets.xcassets in Resources */,
			);
			runOnlyForDeploymentPostprocessing = 0;
		};
/* End PBXResourcesBuildPhase section */

/* Begin PBXSourcesBuildPhase section */
		3F0F335528923BE600A1C514 /* Sources */ = {
			isa = PBXSourcesBuildPhase;
			buildActionMask = 2147483647;
			files = (
				3F91485F28926EDE0050A02F /* Goods.swift in Sources */,
				3F91484D28926BCB0050A02F /* LikeViewModel.swift in Sources */,
				3F914843289268CE0050A02F /* Application.swift in Sources */,
				3F91485428926D170050A02F /* LikeNavigator.swift in Sources */,
				3F91484B28926BAF0050A02F /* HomeViewModel.swift in Sources */,
				3F0F336128923BE600A1C514 /* HomeViewController.swift in Sources */,
				3F91485228926CFC0050A02F /* HomeNavigator.swift in Sources */,
				3F91485028926BE70050A02F /* ViewModelType.swift in Sources */,
				3F91485628926D6E0050A02F /* DefaultHomeNavigator.swift in Sources */,
				3F0F335D28923BE600A1C514 /* AppDelegate.swift in Sources */,
				3F0F335F28923BE600A1C514 /* SceneDelegate.swift in Sources */,
				3F91485828926D930050A02F /* DefaultLikeNavigator.swift in Sources */,
				3F91485C28926E9A0050A02F /* GoodsUsecase.swift in Sources */,
				3F91484928926B740050A02F /* LikeViewController.swift in Sources */,
			);
			runOnlyForDeploymentPostprocessing = 0;
		};
/* End PBXSourcesBuildPhase section */

/* Begin PBXVariantGroup section */
		3F0F336728923BE700A1C514 /* LaunchScreen.storyboard */ = {
			isa = PBXVariantGroup;
			children = (
				3F0F336828923BE700A1C514 /* Base */,
			);
			name = LaunchScreen.storyboard;
			sourceTree = "<group>";
		};
/* End PBXVariantGroup section */

/* Begin XCBuildConfiguration section */
		3F0F336B28923BE700A1C514 /* Debug */ = {
			isa = XCBuildConfiguration;
			buildSettings = {
				ALWAYS_SEARCH_USER_PATHS = NO;
				CLANG_ANALYZER_NONNULL = YES;
				CLANG_ANALYZER_NUMBER_OBJECT_CONVERSION = YES_AGGRESSIVE;
				CLANG_CXX_LANGUAGE_STANDARD = "gnu++17";
				CLANG_ENABLE_MODULES = YES;
				CLANG_ENABLE_OBJC_ARC = YES;
				CLANG_ENABLE_OBJC_WEAK = YES;
				CLANG_WARN_BLOCK_CAPTURE_AUTORELEASING = YES;
				CLANG_WARN_BOOL_CONVERSION = YES;
				CLANG_WARN_COMMA = YES;
				CLANG_WARN_CONSTANT_CONVERSION = YES;
				CLANG_WARN_DEPRECATED_OBJC_IMPLEMENTATIONS = YES;
				CLANG_WARN_DIRECT_OBJC_ISA_USAGE = YES_ERROR;
				CLANG_WARN_DOCUMENTATION_COMMENTS = YES;
				CLANG_WARN_EMPTY_BODY = YES;
				CLANG_WARN_ENUM_CONVERSION = YES;
				CLANG_WARN_INFINITE_RECURSION = YES;
				CLANG_WARN_INT_CONVERSION = YES;
				CLANG_WARN_NON_LITERAL_NULL_CONVERSION = YES;
				CLANG_WARN_OBJC_IMPLICIT_RETAIN_SELF = YES;
				CLANG_WARN_OBJC_LITERAL_CONVERSION = YES;
				CLANG_WARN_OBJC_ROOT_CLASS = YES_ERROR;
				CLANG_WARN_QUOTED_INCLUDE_IN_FRAMEWORK_HEADER = YES;
				CLANG_WARN_RANGE_LOOP_ANALYSIS = YES;
				CLANG_WARN_STRICT_PROTOTYPES = YES;
				CLANG_WARN_SUSPICIOUS_MOVE = YES;
				CLANG_WARN_UNGUARDED_AVAILABILITY = YES_AGGRESSIVE;
				CLANG_WARN_UNREACHABLE_CODE = YES;
				CLANG_WARN__DUPLICATE_METHOD_MATCH = YES;
				COPY_PHASE_STRIP = NO;
				DEBUG_INFORMATION_FORMAT = dwarf;
				ENABLE_STRICT_OBJC_MSGSEND = YES;
				ENABLE_TESTABILITY = YES;
				GCC_C_LANGUAGE_STANDARD = gnu11;
				GCC_DYNAMIC_NO_PIC = NO;
				GCC_NO_COMMON_BLOCKS = YES;
				GCC_OPTIMIZATION_LEVEL = 0;
				GCC_PREPROCESSOR_DEFINITIONS = (
					"DEBUG=1",
					"$(inherited)",
				);
				GCC_WARN_64_TO_32_BIT_CONVERSION = YES;
				GCC_WARN_ABOUT_RETURN_TYPE = YES_ERROR;
				GCC_WARN_UNDECLARED_SELECTOR = YES;
				GCC_WARN_UNINITIALIZED_AUTOS = YES_AGGRESSIVE;
				GCC_WARN_UNUSED_FUNCTION = YES;
				GCC_WARN_UNUSED_VARIABLE = YES;
				IPHONEOS_DEPLOYMENT_TARGET = 15.4;
				MTL_ENABLE_DEBUG_INFO = INCLUDE_SOURCE;
				MTL_FAST_MATH = YES;
				ONLY_ACTIVE_ARCH = YES;
				SDKROOT = iphoneos;
				SWIFT_ACTIVE_COMPILATION_CONDITIONS = DEBUG;
				SWIFT_OPTIMIZATION_LEVEL = "-Onone";
			};
			name = Debug;
		};
		3F0F336C28923BE700A1C514 /* Release */ = {
			isa = XCBuildConfiguration;
			buildSettings = {
				ALWAYS_SEARCH_USER_PATHS = NO;
				CLANG_ANALYZER_NONNULL = YES;
				CLANG_ANALYZER_NUMBER_OBJECT_CONVERSION = YES_AGGRESSIVE;
				CLANG_CXX_LANGUAGE_STANDARD = "gnu++17";
				CLANG_ENABLE_MODULES = YES;
				CLANG_ENABLE_OBJC_ARC = YES;
				CLANG_ENABLE_OBJC_WEAK = YES;
				CLANG_WARN_BLOCK_CAPTURE_AUTORELEASING = YES;
				CLANG_WARN_BOOL_CONVERSION = YES;
				CLANG_WARN_COMMA = YES;
				CLANG_WARN_CONSTANT_CONVERSION = YES;
				CLANG_WARN_DEPRECATED_OBJC_IMPLEMENTATIONS = YES;
				CLANG_WARN_DIRECT_OBJC_ISA_USAGE = YES_ERROR;
				CLANG_WARN_DOCUMENTATION_COMMENTS = YES;
				CLANG_WARN_EMPTY_BODY = YES;
				CLANG_WARN_ENUM_CONVERSION = YES;
				CLANG_WARN_INFINITE_RECURSION = YES;
				CLANG_WARN_INT_CONVERSION = YES;
				CLANG_WARN_NON_LITERAL_NULL_CONVERSION = YES;
				CLANG_WARN_OBJC_IMPLICIT_RETAIN_SELF = YES;
				CLANG_WARN_OBJC_LITERAL_CONVERSION = YES;
				CLANG_WARN_OBJC_ROOT_CLASS = YES_ERROR;
				CLANG_WARN_QUOTED_INCLUDE_IN_FRAMEWORK_HEADER = YES;
				CLANG_WARN_RANGE_LOOP_ANALYSIS = YES;
				CLANG_WARN_STRICT_PROTOTYPES = YES;
				CLANG_WARN_SUSPICIOUS_MOVE = YES;
				CLANG_WARN_UNGUARDED_AVAILABILITY = YES_AGGRESSIVE;
				CLANG_WARN_UNREACHABLE_CODE = YES;
				CLANG_WARN__DUPLICATE_METHOD_MATCH = YES;
				COPY_PHASE_STRIP = NO;
				DEBUG_INFORMATION_FORMAT = "dwarf-with-dsym";
				ENABLE_NS_ASSERTIONS = NO;
				ENABLE_STRICT_OBJC_MSGSEND = YES;
				GCC_C_LANGUAGE_STANDARD = gnu11;
				GCC_NO_COMMON_BLOCKS = YES;
				GCC_WARN_64_TO_32_BIT_CONVERSION = YES;
				GCC_WARN_ABOUT_RETURN_TYPE = YES_ERROR;
				GCC_WARN_UNDECLARED_SELECTOR = YES;
				GCC_WARN_UNINITIALIZED_AUTOS = YES_AGGRESSIVE;
				GCC_WARN_UNUSED_FUNCTION = YES;
				GCC_WARN_UNUSED_VARIABLE = YES;
				IPHONEOS_DEPLOYMENT_TARGET = 15.4;
				MTL_ENABLE_DEBUG_INFO = NO;
				MTL_FAST_MATH = YES;
				SDKROOT = iphoneos;
				SWIFT_COMPILATION_MODE = wholemodule;
				SWIFT_OPTIMIZATION_LEVEL = "-O";
				VALIDATE_PRODUCT = YES;
			};
			name = Release;
		};
		3F0F336E28923BE700A1C514 /* Debug */ = {
			isa = XCBuildConfiguration;
			buildSettings = {
				ASSETCATALOG_COMPILER_APPICON_NAME = AppIcon;
				ASSETCATALOG_COMPILER_GLOBAL_ACCENT_COLOR_NAME = AccentColor;
				CODE_SIGN_STYLE = Automatic;
				CURRENT_PROJECT_VERSION = 1;
				DEVELOPMENT_TEAM = 4PL3T83JJM;
				GENERATE_INFOPLIST_FILE = YES;
				INFOPLIST_FILE = CommerceApp/Resources/Info.plist;
				INFOPLIST_KEY_UIApplicationSupportsIndirectInputEvents = YES;
				INFOPLIST_KEY_UILaunchStoryboardName = LaunchScreen;
				INFOPLIST_KEY_UISupportedInterfaceOrientations_iPad = "UIInterfaceOrientationPortrait UIInterfaceOrientationPortraitUpsideDown UIInterfaceOrientationLandscapeLeft UIInterfaceOrientationLandscapeRight";
				INFOPLIST_KEY_UISupportedInterfaceOrientations_iPhone = "UIInterfaceOrientationPortrait UIInterfaceOrientationLandscapeLeft UIInterfaceOrientationLandscapeRight";
				LD_RUNPATH_SEARCH_PATHS = (
					"$(inherited)",
					"@executable_path/Frameworks",
				);
				MARKETING_VERSION = 1.0;
				PRODUCT_BUNDLE_IDENTIFIER = bestowing.CommerceApp;
				PRODUCT_NAME = "$(TARGET_NAME)";
				SWIFT_EMIT_LOC_STRINGS = YES;
				SWIFT_VERSION = 5.0;
				TARGETED_DEVICE_FAMILY = "1,2";
			};
			name = Debug;
		};
		3F0F336F28923BE700A1C514 /* Release */ = {
			isa = XCBuildConfiguration;
			buildSettings = {
				ASSETCATALOG_COMPILER_APPICON_NAME = AppIcon;
				ASSETCATALOG_COMPILER_GLOBAL_ACCENT_COLOR_NAME = AccentColor;
				CODE_SIGN_STYLE = Automatic;
				CURRENT_PROJECT_VERSION = 1;
				DEVELOPMENT_TEAM = 4PL3T83JJM;
				GENERATE_INFOPLIST_FILE = YES;
				INFOPLIST_FILE = CommerceApp/Resources/Info.plist;
				INFOPLIST_KEY_UIApplicationSupportsIndirectInputEvents = YES;
				INFOPLIST_KEY_UILaunchStoryboardName = LaunchScreen;
				INFOPLIST_KEY_UISupportedInterfaceOrientations_iPad = "UIInterfaceOrientationPortrait UIInterfaceOrientationPortraitUpsideDown UIInterfaceOrientationLandscapeLeft UIInterfaceOrientationLandscapeRight";
				INFOPLIST_KEY_UISupportedInterfaceOrientations_iPhone = "UIInterfaceOrientationPortrait UIInterfaceOrientationLandscapeLeft UIInterfaceOrientationLandscapeRight";
				LD_RUNPATH_SEARCH_PATHS = (
					"$(inherited)",
					"@executable_path/Frameworks",
				);
				MARKETING_VERSION = 1.0;
				PRODUCT_BUNDLE_IDENTIFIER = bestowing.CommerceApp;
				PRODUCT_NAME = "$(TARGET_NAME)";
				SWIFT_EMIT_LOC_STRINGS = YES;
				SWIFT_VERSION = 5.0;
				TARGETED_DEVICE_FAMILY = "1,2";
			};
			name = Release;
		};
/* End XCBuildConfiguration section */

/* Begin XCConfigurationList section */
		3F0F335428923BE500A1C514 /* Build configuration list for PBXProject "CommerceApp" */ = {
			isa = XCConfigurationList;
			buildConfigurations = (
				3F0F336B28923BE700A1C514 /* Debug */,
				3F0F336C28923BE700A1C514 /* Release */,
			);
			defaultConfigurationIsVisible = 0;
			defaultConfigurationName = Release;
		};
		3F0F336D28923BE700A1C514 /* Build configuration list for PBXNativeTarget "CommerceApp" */ = {
			isa = XCConfigurationList;
			buildConfigurations = (
				3F0F336E28923BE700A1C514 /* Debug */,
				3F0F336F28923BE700A1C514 /* Release */,
			);
			defaultConfigurationIsVisible = 0;
			defaultConfigurationName = Release;
		};
/* End XCConfigurationList section */
	};
	rootObject = 3F0F335128923BE500A1C514 /* Project object */;
}
